// !$*UTF8*$!
{
	archiveVersion = 1;
	classes = {
	};
	objectVersion = 46;
	objects = {

/* Begin PBXBuildFile section */
		5EC26DB619D21729003ADBFB /* Foundation.framework in Frameworks */ = {isa = PBXBuildFile; fileRef = 5EC26DB519D21729003ADBFB /* Foundation.framework */; };
		5EC26DB819D21729003ADBFB /* CoreGraphics.framework in Frameworks */ = {isa = PBXBuildFile; fileRef = 5EC26DB719D21729003ADBFB /* CoreGraphics.framework */; };
		5EC26DBA19D21729003ADBFB /* UIKit.framework in Frameworks */ = {isa = PBXBuildFile; fileRef = 5EC26DB919D21729003ADBFB /* UIKit.framework */; };
		5EC26DC019D21729003ADBFB /* InfoPlist.strings in Resources */ = {isa = PBXBuildFile; fileRef = 5EC26DBE19D21729003ADBFB /* InfoPlist.strings */; };
		5EC26DC219D21729003ADBFB /* main.m in Sources */ = {isa = PBXBuildFile; fileRef = 5EC26DC119D21729003ADBFB /* main.m */; };
		5EC26DC619D21729003ADBFB /* AppDelegate.m in Sources */ = {isa = PBXBuildFile; fileRef = 5EC26DC519D21729003ADBFB /* AppDelegate.m */; };
		5EC26DC919D21729003ADBFB /* Main.storyboard in Resources */ = {isa = PBXBuildFile; fileRef = 5EC26DC719D21729003ADBFB /* Main.storyboard */; };
		5EC26DCC19D21729003ADBFB /* ViewController.m in Sources */ = {isa = PBXBuildFile; fileRef = 5EC26DCB19D21729003ADBFB /* ViewController.m */; };
		5EC26DCE19D21729003ADBFB /* Images.xcassets in Resources */ = {isa = PBXBuildFile; fileRef = 5EC26DCD19D21729003ADBFB /* Images.xcassets */; };
		5EC26DD519D21729003ADBFB /* XCTest.framework in Frameworks */ = {isa = PBXBuildFile; fileRef = 5EC26DD419D21729003ADBFB /* XCTest.framework */; };
		5EC26DD619D21729003ADBFB /* Foundation.framework in Frameworks */ = {isa = PBXBuildFile; fileRef = 5EC26DB519D21729003ADBFB /* Foundation.framework */; };
		5EC26DD719D21729003ADBFB /* UIKit.framework in Frameworks */ = {isa = PBXBuildFile; fileRef = 5EC26DB919D21729003ADBFB /* UIKit.framework */; };
		5EC26DDF19D21729003ADBFB /* InfoPlist.strings in Resources */ = {isa = PBXBuildFile; fileRef = 5EC26DDD19D21729003ADBFB /* InfoPlist.strings */; };
		5EC26DE119D21729003ADBFB /* DollarBill_FootballConverterTests.m in Sources */ = {isa = PBXBuildFile; fileRef = 5EC26DE019D21729003ADBFB /* DollarBill_FootballConverterTests.m */; };
		5EC26DEE19D267F3003ADBFB /* MBFDog.m in Sources */ = {isa = PBXBuildFile; fileRef = 5EC26DED19D267F3003ADBFB /* MBFDog.m */; };
		5EC26DF119D29087003ADBFB /* MBFPuppy.m in Sources */ = {isa = PBXBuildFile; fileRef = 5EC26DF019D29087003ADBFB /* MBFPuppy.m */; };
/* End PBXBuildFile section */

/* Begin PBXContainerItemProxy section */
		5EC26DD819D21729003ADBFB /* PBXContainerItemProxy */ = {
			isa = PBXContainerItemProxy;
			containerPortal = 5EC26DAA19D21729003ADBFB /* Project object */;
			proxyType = 1;
			remoteGlobalIDString = 5EC26DB119D21729003ADBFB;
			remoteInfo = DollarBill_FootballConverter;
		};
/* End PBXContainerItemProxy section */

/* Begin PBXFileReference section */
		5EC26DB219D21729003ADBFB /* DollarBill_FootballConverter.app */ = {isa = PBXFileReference; explicitFileType = wrapper.application; includeInIndex = 0; path = DollarBill_FootballConverter.app; sourceTree = BUILT_PRODUCTS_DIR; };
		5EC26DB519D21729003ADBFB /* Foundation.framework */ = {isa = PBXFileReference; lastKnownFileType = wrapper.framework; name = Foundation.framework; path = System/Library/Frameworks/Foundation.framework; sourceTree = SDKROOT; };
		5EC26DB719D21729003ADBFB /* CoreGraphics.framework */ = {isa = PBXFileReference; lastKnownFileType = wrapper.framework; name = CoreGraphics.framework; path = System/Library/Frameworks/CoreGraphics.framework; sourceTree = SDKROOT; };
		5EC26DB919D21729003ADBFB /* UIKit.framework */ = {isa = PBXFileReference; lastKnownFileType = wrapper.framework; name = UIKit.framework; path = System/Library/Frameworks/UIKit.framework; sourceTree = SDKROOT; };
		5EC26DBD19D21729003ADBFB /* DollarBill_FootballConverter-Info.plist */ = {isa = PBXFileReference; lastKnownFileType = text.plist.xml; path = "DollarBill_FootballConverter-Info.plist"; sourceTree = "<group>"; };
		5EC26DBF19D21729003ADBFB /* en */ = {isa = PBXFileReference; lastKnownFileType = text.plist.strings; name = en; path = en.lproj/InfoPlist.strings; sourceTree = "<group>"; };
		5EC26DC119D21729003ADBFB /* main.m */ = {isa = PBXFileReference; lastKnownFileType = sourcecode.c.objc; path = main.m; sourceTree = "<group>"; };
		5EC26DC319D21729003ADBFB /* DollarBill_FootballConverter-Prefix.pch */ = {isa = PBXFileReference; lastKnownFileType = sourcecode.c.h; path = "DollarBill_FootballConverter-Prefix.pch"; sourceTree = "<group>"; };
		5EC26DC419D21729003ADBFB /* AppDelegate.h */ = {isa = PBXFileReference; lastKnownFileType = sourcecode.c.h; path = AppDelegate.h; sourceTree = "<group>"; };
		5EC26DC519D21729003ADBFB /* AppDelegate.m */ = {isa = PBXFileReference; lastKnownFileType = sourcecode.c.objc; path = AppDelegate.m; sourceTree = "<group>"; };
		5EC26DC819D21729003ADBFB /* Base */ = {isa = PBXFileReference; lastKnownFileType = file.storyboard; name = Base; path = Base.lproj/Main.storyboard; sourceTree = "<group>"; };
		5EC26DCA19D21729003ADBFB /* ViewController.h */ = {isa = PBXFileReference; lastKnownFileType = sourcecode.c.h; path = ViewController.h; sourceTree = "<group>"; };
		5EC26DCB19D21729003ADBFB /* ViewController.m */ = {isa = PBXFileReference; lastKnownFileType = sourcecode.c.objc; path = ViewController.m; sourceTree = "<group>"; };
		5EC26DCD19D21729003ADBFB /* Images.xcassets */ = {isa = PBXFileReference; lastKnownFileType = folder.assetcatalog; path = Images.xcassets; sourceTree = "<group>"; };
		5EC26DD319D21729003ADBFB /* DollarBill_FootballConverterTests.xctest */ = {isa = PBXFileReference; explicitFileType = wrapper.cfbundle; includeInIndex = 0; path = DollarBill_FootballConverterTests.xctest; sourceTree = BUILT_PRODUCTS_DIR; };
		5EC26DD419D21729003ADBFB /* XCTest.framework */ = {isa = PBXFileReference; lastKnownFileType = wrapper.framework; name = XCTest.framework; path = Library/Frameworks/XCTest.framework; sourceTree = DEVELOPER_DIR; };
		5EC26DDC19D21729003ADBFB /* DollarBill_FootballConverterTests-Info.plist */ = {isa = PBXFileReference; lastKnownFileType = text.plist.xml; path = "DollarBill_FootballConverterTests-Info.plist"; sourceTree = "<group>"; };
		5EC26DDE19D21729003ADBFB /* en */ = {isa = PBXFileReference; lastKnownFileType = text.plist.strings; name = en; path = en.lproj/InfoPlist.strings; sourceTree = "<group>"; };
		5EC26DE019D21729003ADBFB /* DollarBill_FootballConverterTests.m */ = {isa = PBXFileReference; lastKnownFileType = sourcecode.c.objc; path = DollarBill_FootballConverterTests.m; sourceTree = "<group>"; };
		5EC26DEC19D267F3003ADBFB /* MBFDog.h */ = {isa = PBXFileReference; fileEncoding = 4; lastKnownFileType = sourcecode.c.h; path = MBFDog.h; sourceTree = "<group>"; };
		5EC26DED19D267F3003ADBFB /* MBFDog.m */ = {isa = PBXFileReference; fileEncoding = 4; lastKnownFileType = sourcecode.c.objc; path = MBFDog.m; sourceTree = "<group>"; };
		5EC26DEF19D29087003ADBFB /* MBFPuppy.h */ = {isa = PBXFileReference; fileEncoding = 4; lastKnownFileType = sourcecode.c.h; path = MBFPuppy.h; sourceTree = "<group>"; };
		5EC26DF019D29087003ADBFB /* MBFPuppy.m */ = {isa = PBXFileReference; fileEncoding = 4; lastKnownFileType = sourcecode.c.objc; path = MBFPuppy.m; sourceTree = "<group>"; };
/* End PBXFileReference section */

/* Begin PBXFrameworksBuildPhase section */
		5EC26DAF19D21729003ADBFB /* Frameworks */ = {
			isa = PBXFrameworksBuildPhase;
			buildActionMask = 2147483647;
			files = (
				5EC26DB819D21729003ADBFB /* CoreGraphics.framework in Frameworks */,
				5EC26DBA19D21729003ADBFB /* UIKit.framework in Frameworks */,
				5EC26DB619D21729003ADBFB /* Foundation.framework in Frameworks */,
			);
			runOnlyForDeploymentPostprocessing = 0;
		};
		5EC26DD019D21729003ADBFB /* Frameworks */ = {
			isa = PBXFrameworksBuildPhase;
			buildActionMask = 2147483647;
			files = (
				5EC26DD519D21729003ADBFB /* XCTest.framework in Frameworks */,
				5EC26DD719D21729003ADBFB /* UIKit.framework in Frameworks */,
				5EC26DD619D21729003ADBFB /* Foundation.framework in Frameworks */,
			);
			runOnlyForDeploymentPostprocessing = 0;
		};
/* End PBXFrameworksBuildPhase section */

/* Begin PBXGroup section */
		5EC26DA919D21729003ADBFB = {
			isa = PBXGroup;
			children = (
				5EC26DBB19D21729003ADBFB /* DollarBill_FootballConverter */,
				5EC26DDA19D21729003ADBFB /* DollarBill_FootballConverterTests */,
				5EC26DB419D21729003ADBFB /* Frameworks */,
				5EC26DB319D21729003ADBFB /* Products */,
			);
			sourceTree = "<group>";
		};
		5EC26DB319D21729003ADBFB /* Products */ = {
			isa = PBXGroup;
			children = (
				5EC26DB219D21729003ADBFB /* DollarBill_FootballConverter.app */,
				5EC26DD319D21729003ADBFB /* DollarBill_FootballConverterTests.xctest */,
			);
			name = Products;
			sourceTree = "<group>";
		};
		5EC26DB419D21729003ADBFB /* Frameworks */ = {
			isa = PBXGroup;
			children = (
				5EC26DB519D21729003ADBFB /* Foundation.framework */,
				5EC26DB719D21729003ADBFB /* CoreGraphics.framework */,
				5EC26DB919D21729003ADBFB /* UIKit.framework */,
				5EC26DD419D21729003ADBFB /* XCTest.framework */,
			);
			name = Frameworks;
			sourceTree = "<group>";
		};
		5EC26DBB19D21729003ADBFB /* DollarBill_FootballConverter */ = {
			isa = PBXGroup;
			children = (
				5EC26DC419D21729003ADBFB /* AppDelegate.h */,
				5EC26DC519D21729003ADBFB /* AppDelegate.m */,
				5EC26DC719D21729003ADBFB /* Main.storyboard */,
				5EC26DCA19D21729003ADBFB /* ViewController.h */,
				5EC26DCB19D21729003ADBFB /* ViewController.m */,
				5EC26DCD19D21729003ADBFB /* Images.xcassets */,
				5EC26DBC19D21729003ADBFB /* Supporting Files */,
				5EC26DEC19D267F3003ADBFB /* MBFDog.h */,
				5EC26DED19D267F3003ADBFB /* MBFDog.m */,
				5EC26DEF19D29087003ADBFB /* MBFPuppy.h */,
				5EC26DF019D29087003ADBFB /* MBFPuppy.m */,
			);
			path = DollarBill_FootballConverter;
			sourceTree = "<group>";
		};
		5EC26DBC19D21729003ADBFB /* Supporting Files */ = {
			isa = PBXGroup;
			children = (
				5EC26DBD19D21729003ADBFB /* DollarBill_FootballConverter-Info.plist */,
				5EC26DBE19D21729003ADBFB /* InfoPlist.strings */,
				5EC26DC119D21729003ADBFB /* main.m */,
				5EC26DC319D21729003ADBFB /* DollarBill_FootballConverter-Prefix.pch */,
			);
			name = "Supporting Files";
			sourceTree = "<group>";
		};
		5EC26DDA19D21729003ADBFB /* DollarBill_FootballConverterTests */ = {
			isa = PBXGroup;
			children = (
				5EC26DE019D21729003ADBFB /* DollarBill_FootballConverterTests.m */,
				5EC26DDB19D21729003ADBFB /* Supporting Files */,
			);
			path = DollarBill_FootballConverterTests;
			sourceTree = "<group>";
		};
		5EC26DDB19D21729003ADBFB /* Supporting Files */ = {
			isa = PBXGroup;
			children = (
				5EC26DDC19D21729003ADBFB /* DollarBill_FootballConverterTests-Info.plist */,
				5EC26DDD19D21729003ADBFB /* InfoPlist.strings */,
			);
			name = "Supporting Files";
			sourceTree = "<group>";
		};
/* End PBXGroup section */

/* Begin PBXNativeTarget section */
		5EC26DB119D21729003ADBFB /* DollarBill_FootballConverter */ = {
			isa = PBXNativeTarget;
			buildConfigurationList = 5EC26DE419D21729003ADBFB /* Build configuration list for PBXNativeTarget "DollarBill_FootballConverter" */;
			buildPhases = (
				5EC26DAE19D21729003ADBFB /* Sources */,
				5EC26DAF19D21729003ADBFB /* Frameworks */,
				5EC26DB019D21729003ADBFB /* Resources */,
			);
			buildRules = (
			);
			dependencies = (
			);
			name = DollarBill_FootballConverter;
			productName = DollarBill_FootballConverter;
			productReference = 5EC26DB219D21729003ADBFB /* DollarBill_FootballConverter.app */;
			productType = "com.apple.product-type.application";
		};
		5EC26DD219D21729003ADBFB /* DollarBill_FootballConverterTests */ = {
			isa = PBXNativeTarget;
			buildConfigurationList = 5EC26DE719D21729003ADBFB /* Build configuration list for PBXNativeTarget "DollarBill_FootballConverterTests" */;
			buildPhases = (
				5EC26DCF19D21729003ADBFB /* Sources */,
				5EC26DD019D21729003ADBFB /* Frameworks */,
				5EC26DD119D21729003ADBFB /* Resources */,
			);
			buildRules = (
			);
			dependencies = (
				5EC26DD919D21729003ADBFB /* PBXTargetDependency */,
			);
			name = DollarBill_FootballConverterTests;
			productName = DollarBill_FootballConverterTests;
			productReference = 5EC26DD319D21729003ADBFB /* DollarBill_FootballConverterTests.xctest */;
			productType = "com.apple.product-type.bundle.unit-test";
		};
/* End PBXNativeTarget section */

/* Begin PBXProject section */
		5EC26DAA19D21729003ADBFB /* Project object */ = {
			isa = PBXProject;
			attributes = {
				LastUpgradeCheck = 0510;
				ORGANIZATIONNAME = "Speedy Apps";
				TargetAttributes = {
					5EC26DD219D21729003ADBFB = {
						TestTargetID = 5EC26DB119D21729003ADBFB;
					};
				};
			};
			buildConfigurationList = 5EC26DAD19D21729003ADBFB /* Build configuration list for PBXProject "DollarBill_FootballConverter" */;
			compatibilityVersion = "Xcode 3.2";
			developmentRegion = English;
			hasScannedForEncodings = 0;
			knownRegions = (
				en,
				Base,
			);
			mainGroup = 5EC26DA919D21729003ADBFB;
			productRefGroup = 5EC26DB319D21729003ADBFB /* Products */;
			projectDirPath = "";
			projectRoot = "";
			targets = (
				5EC26DB119D21729003ADBFB /* DollarBill_FootballConverter */,
				5EC26DD219D21729003ADBFB /* DollarBill_FootballConverterTests */,
			);
		};
/* End PBXProject section */

/* Begin PBXResourcesBuildPhase section */
		5EC26DB019D21729003ADBFB /* Resources */ = {
			isa = PBXResourcesBuildPhase;
			buildActionMask = 2147483647;
			files = (
				5EC26DCE19D21729003ADBFB /* Images.xcassets in Resources */,
				5EC26DC019D21729003ADBFB /* InfoPlist.strings in Resources */,
				5EC26DC919D21729003ADBFB /* Main.storyboard in Resources */,
			);
			runOnlyForDeploymentPostprocessing = 0;
		};
		5EC26DD119D21729003ADBFB /* Resources */ = {
			isa = PBXResourcesBuildPhase;
			buildActionMask = 2147483647;
			files = (
				5EC26DDF19D21729003ADBFB /* InfoPlist.strings in Resources */,
			);
			runOnlyForDeploymentPostprocessing = 0;
		};
/* End PBXResourcesBuildPhase section */

/* Begin PBXSourcesBuildPhase section */
		5EC26DAE19D21729003ADBFB /* Sources */ = {
			isa = PBXSourcesBuildPhase;
			buildActionMask = 2147483647;
			files = (
				5EC26DCC19D21729003ADBFB /* ViewController.m in Sources */,
				5EC26DC619D21729003ADBFB /* AppDelegate.m in Sources */,
				5EC26DEE19D267F3003ADBFB /* MBFDog.m in Sources */,
				5EC26DC219D21729003ADBFB /* main.m in Sources */,
				5EC26DF119D29087003ADBFB /* MBFPuppy.m in Sources */,
			);
			runOnlyForDeploymentPostprocessing = 0;
		};
		5EC26DCF19D21729003ADBFB /* Sources */ = {
			isa = PBXSourcesBuildPhase;
			buildActionMask = 2147483647;
			files = (
				5EC26DE119D21729003ADBFB /* DollarBill_FootballConverterTests.m in Sources */,
			);
			runOnlyForDeploymentPostprocessing = 0;
		};
/* End PBXSourcesBuildPhase section */

/* Begin PBXTargetDependency section */
		5EC26DD919D21729003ADBFB /* PBXTargetDependency */ = {
			isa = PBXTargetDependency;
			target = 5EC26DB119D21729003ADBFB /* DollarBill_FootballConverter */;
			targetProxy = 5EC26DD819D21729003ADBFB /* PBXContainerItemProxy */;
		};
/* End PBXTargetDependency section */

/* Begin PBXVariantGroup section */
		5EC26DBE19D21729003ADBFB /* InfoPlist.strings */ = {
			isa = PBXVariantGroup;
			children = (
				5EC26DBF19D21729003ADBFB /* en */,
			);
			name = InfoPlist.strings;
			sourceTree = "<group>";
		};
		5EC26DC719D21729003ADBFB /* Main.storyboard */ = {
			isa = PBXVariantGroup;
			children = (
				5EC26DC819D21729003ADBFB /* Base */,
			);
			name = Main.storyboard;
			sourceTree = "<group>";
		};
		5EC26DDD19D21729003ADBFB /* InfoPlist.strings */ = {
			isa = PBXVariantGroup;
			children = (
				5EC26DDE19D21729003ADBFB /* en */,
			);
			name = InfoPlist.strings;
			sourceTree = "<group>";
		};
/* End PBXVariantGroup section */

/* Begin XCBuildConfiguration section */
		5EC26DE219D21729003ADBFB /* Debug */ = {
			isa = XCBuildConfiguration;
			buildSettings = {
				ALWAYS_SEARCH_USER_PATHS = NO;
				CLANG_CXX_LANGUAGE_STANDARD = "gnu++0x";
				CLANG_CXX_LIBRARY = "libc++";
				CLANG_ENABLE_MODULES = YES;
				CLANG_ENABLE_OBJC_ARC = YES;
				CLANG_WARN_BOOL_CONVERSION = YES;
				CLANG_WARN_CONSTANT_CONVERSION = YES;
				CLANG_WARN_DIRECT_OBJC_ISA_USAGE = YES_ERROR;
				CLANG_WARN_EMPTY_BODY = YES;
				CLANG_WARN_ENUM_CONVERSION = YES;
				CLANG_WARN_INT_CONVERSION = YES;
				CLANG_WARN_OBJC_ROOT_CLASS = YES_ERROR;
				CLANG_WARN__DUPLICATE_METHOD_MATCH = YES;
				"CODE_SIGN_IDENTITY[sdk=iphoneos*]" = "iPhone Developer";
				COPY_PHASE_STRIP = NO;
				GCC_C_LANGUAGE_STANDARD = gnu99;
				GCC_DYNAMIC_NO_PIC = NO;
				GCC_OPTIMIZATION_LEVEL = 0;
				GCC_PREPROCESSOR_DEFINITIONS = (
					"DEBUG=1",
					"$(inherited)",
				);
				GCC_SYMBOLS_PRIVATE_EXTERN = NO;
				GCC_WARN_64_TO_32_BIT_CONVERSION = YES;
				GCC_WARN_ABOUT_RETURN_TYPE = YES_ERROR;
				GCC_WARN_UNDECLARED_SELECTOR = YES;
				GCC_WARN_UNINITIALIZED_AUTOS = YES_AGGRESSIVE;
				GCC_WARN_UNUSED_FUNCTION = YES;
				GCC_WARN_UNUSED_VARIABLE = YES;
				IPHONEOS_DEPLOYMENT_TARGET = 7.1;
				ONLY_ACTIVE_ARCH = YES;
				SDKROOT = iphoneos;
			};
			name = Debug;
		};
		5EC26DE319D21729003ADBFB /* Release */ = {
			isa = XCBuildConfiguration;
			buildSettings = {
				ALWAYS_SEARCH_USER_PATHS = NO;
				CLANG_CXX_LANGUAGE_STANDARD = "gnu++0x";
				CLANG_CXX_LIBRARY = "libc++";
				CLANG_ENABLE_MODULES = YES;
				CLANG_ENABLE_OBJC_ARC = YES;
				CLANG_WARN_BOOL_CONVERSION = YES;
				CLANG_WARN_CONSTANT_CONVERSION = YES;
				CLANG_WARN_DIRECT_OBJC_ISA_USAGE = YES_ERROR;
				CLANG_WARN_EMPTY_BODY = YES;
				CLANG_WARN_ENUM_CONVERSION = YES;
				CLANG_WARN_INT_CONVERSION = YES;
				CLANG_WARN_OBJC_ROOT_CLASS = YES_ERROR;
				CLANG_WARN__DUPLICATE_METHOD_MATCH = YES;
				"CODE_SIGN_IDENTITY[sdk=iphoneos*]" = "iPhone Developer";
				COPY_PHASE_STRIP = YES;
				ENABLE_NS_ASSERTIONS = NO;
				GCC_C_LANGUAGE_STANDARD = gnu99;
				GCC_WARN_64_TO_32_BIT_CONVERSION = YES;
				GCC_WARN_ABOUT_RETURN_TYPE = YES_ERROR;
				GCC_WARN_UNDECLARED_SELECTOR = YES;
				GCC_WARN_UNINITIALIZED_AUTOS = YES_AGGRESSIVE;
				GCC_WARN_UNUSED_FUNCTION = YES;
				GCC_WARN_UNUSED_VARIABLE = YES;
				IPHONEOS_DEPLOYMENT_TARGET = 7.1;
				SDKROOT = iphoneos;
				VALIDATE_PRODUCT = YES;
			};
			name = Release;
		};
		5EC26DE519D21729003ADBFB /* Debug */ = {
			isa = XCBuildConfiguration;
			buildSettings = {
				ASSETCATALOG_COMPILER_APPICON_NAME = AppIcon;
				ASSETCATALOG_COMPILER_LAUNCHIMAGE_NAME = LaunchImage;
				GCC_PRECOMPILE_PREFIX_HEADER = YES;
				GCC_PREFIX_HEADER = "DollarBill_FootballConverter/DollarBill_FootballConverter-Prefix.pch";
				INFOPLIST_FILE = "DollarBill_FootballConverter/DollarBill_FootballConverter-Info.plist";
				PRODUCT_NAME = "$(TARGET_NAME)";
				WRAPPER_EXTENSION = app;
			};
			name = Debug;
		};
		5EC26DE619D21729003ADBFB /* Release */ = {
			isa = XCBuildConfiguration;
			buildSettings = {
				ASSETCATALOG_COMPILER_APPICON_NAME = AppIcon;
				ASSETCATALOG_COMPILER_LAUNCHIMAGE_NAME = LaunchImage;
				GCC_PRECOMPILE_PREFIX_HEADER = YES;
				GCC_PREFIX_HEADER = "DollarBill_FootballConverter/DollarBill_FootballConverter-Prefix.pch";
				INFOPLIST_FILE = "DollarBill_FootballConverter/DollarBill_FootballConverter-Info.plist";
				PRODUCT_NAME = "$(TARGET_NAME)";
				WRAPPER_EXTENSION = app;
			};
			name = Release;
		};
		5EC26DE819D21729003ADBFB /* Debug */ = {
			isa = XCBuildConfiguration;
			buildSettings = {
				BUNDLE_LOADER = "$(BUILT_PRODUCTS_DIR)/DollarBill_FootballConverter.app/DollarBill_FootballConverter";
				FRAMEWORK_SEARCH_PATHS = (
					"$(SDKROOT)/Developer/Library/Frameworks",
					"$(inherited)",
					"$(DEVELOPER_FRAMEWORKS_DIR)",
				);
				GCC_PRECOMPILE_PREFIX_HEADER = YES;
				GCC_PREFIX_HEADER = "DollarBill_FootballConverter/DollarBill_FootballConverter-Prefix.pch";
				GCC_PREPROCESSOR_DEFINITIONS = (
					"DEBUG=1",
					"$(inherited)",
				);
				INFOPLIST_FILE = "DollarBill_FootballConverterTests/DollarBill_FootballConverterTests-Info.plist";
				PRODUCT_NAME = "$(TARGET_NAME)";
				TEST_HOST = "$(BUNDLE_LOADER)";
				WRAPPER_EXTENSION = xctest;
			};
			name = Debug;
		};
		5EC26DE919D21729003ADBFB /* Release */ = {
			isa = XCBuildConfiguration;
			buildSettings = {
				BUNDLE_LOADER = "$(BUILT_PRODUCTS_DIR)/DollarBill_FootballConverter.app/DollarBill_FootballConverter";
				FRAMEWORK_SEARCH_PATHS = (
					"$(SDKROOT)/Developer/Library/Frameworks",
					"$(inherited)",
					"$(DEVELOPER_FRAMEWORKS_DIR)",
				);
				GCC_PRECOMPILE_PREFIX_HEADER = YES;
				GCC_PREFIX_HEADER = "DollarBill_FootballConverter/DollarBill_FootballConverter-Prefix.pch";
				INFOPLIST_FILE = "DollarBill_FootballConverterTests/DollarBill_FootballConverterTests-Info.plist";
				PRODUCT_NAME = "$(TARGET_NAME)";
				TEST_HOST = "$(BUNDLE_LOADER)";
				WRAPPER_EXTENSION = xctest;
			};
			name = Release;
		};
/* End XCBuildConfiguration section */

/* Begin XCConfigurationList section */
		5EC26DAD19D21729003ADBFB /* Build configuration list for PBXProject "DollarBill_FootballConverter" */ = {
			isa = XCConfigurationList;
			buildConfigurations = (
				5EC26DE219D21729003ADBFB /* Debug */,
				5EC26DE319D21729003ADBFB /* Release */,
			);
			defaultConfigurationIsVisible = 0;
			defaultConfigurationName = Release;
		};
		5EC26DE419D21729003ADBFB /* Build configuration list for PBXNativeTarget "DollarBill_FootballConverter" */ = {
			isa = XCConfigurationList;
			buildConfigurations = (
				5EC26DE519D21729003ADBFB /* Debug */,
				5EC26DE619D21729003ADBFB /* Release */,
			);
			defaultConfigurationIsVisible = 0;
		};
		5EC26DE719D21729003ADBFB /* Build configuration list for PBXNativeTarget "DollarBill_FootballConverterTests" */ = {
			isa = XCConfigurationList;
			buildConfigurations = (
				5EC26DE819D21729003ADBFB /* Debug */,
				5EC26DE919D21729003ADBFB /* Release */,
			);
			defaultConfigurationIsVisible = 0;
		};
/* End XCConfigurationList section */
	};
	rootObject = 5EC26DAA19D21729003ADBFB /* Project object */;
}
